// !$*UTF8*$!
{
	archiveVersion = 1;
	classes = {
	};
	objectVersion = 56;
	objects = {

/* Begin PBXBuildFile section */
		58F834D803751D8E3195A039 /* Pods_BikeStat.framework in Frameworks */ = {isa = PBXBuildFile; fileRef = C5997A34E36384DA5DB59208 /* Pods_BikeStat.framework */; };
		8B2FA9872B44E01000BB94DF /* LoginView.swift in Sources */ = {isa = PBXBuildFile; fileRef = 8B2FA9862B44E01000BB94DF /* LoginView.swift */; };
		8B2FA9892B44E01D00BB94DF /* LoginViewModel.swift in Sources */ = {isa = PBXBuildFile; fileRef = 8B2FA9882B44E01D00BB94DF /* LoginViewModel.swift */; };
		8B2FA98B2B44E02D00BB94DF /* LoginViewAssembly.swift in Sources */ = {isa = PBXBuildFile; fileRef = 8B2FA98A2B44E02D00BB94DF /* LoginViewAssembly.swift */; };
		8B2FA98E2B44E04400BB94DF /* ScoreData.swift in Sources */ = {isa = PBXBuildFile; fileRef = 8B2FA98D2B44E04400BB94DF /* ScoreData.swift */; };
		8B2FA9902B44E05100BB94DF /* LocationAccessService.swift in Sources */ = {isa = PBXBuildFile; fileRef = 8B2FA98F2B44E05100BB94DF /* LocationAccessService.swift */; };
		8B2FA9932B44E06400BB94DF /* MapView.swift in Sources */ = {isa = PBXBuildFile; fileRef = 8B2FA9922B44E06400BB94DF /* MapView.swift */; };
		8B2FA9952B44E06F00BB94DF /* MapViewModel.swift in Sources */ = {isa = PBXBuildFile; fileRef = 8B2FA9942B44E06F00BB94DF /* MapViewModel.swift */; };
		8B2FA9982B44E08C00BB94DF /* LocationService.swift in Sources */ = {isa = PBXBuildFile; fileRef = 8B2FA9972B44E08C00BB94DF /* LocationService.swift */; };
		8B2FA99A2B44E09800BB94DF /* RequestService.swift in Sources */ = {isa = PBXBuildFile; fileRef = 8B2FA9992B44E09800BB94DF /* RequestService.swift */; };
		8B2FA99D2B44E0B600BB94DF /* Coordinator.swift in Sources */ = {isa = PBXBuildFile; fileRef = 8B2FA99C2B44E0B600BB94DF /* Coordinator.swift */; };
		8B2FA99F2B44E0C600BB94DF /* AppCoordinator.swift in Sources */ = {isa = PBXBuildFile; fileRef = 8B2FA99E2B44E0C600BB94DF /* AppCoordinator.swift */; };
		8B2FA9A12B44E0D600BB94DF /* AppCoordinatorAssembly.swift in Sources */ = {isa = PBXBuildFile; fileRef = 8B2FA9A02B44E0D600BB94DF /* AppCoordinatorAssembly.swift */; };
		8B2FA9A42B44E0FD00BB94DF /* View+Extension.swift in Sources */ = {isa = PBXBuildFile; fileRef = 8B2FA9A32B44E0FD00BB94DF /* View+Extension.swift */; };
		8B2FA9A72B44E11800BB94DF /* MainCoordinator.swift in Sources */ = {isa = PBXBuildFile; fileRef = 8B2FA9A62B44E11800BB94DF /* MainCoordinator.swift */; };
		8B2FA9A92B44E12200BB94DF /* MainRouter.swift in Sources */ = {isa = PBXBuildFile; fileRef = 8B2FA9A82B44E12200BB94DF /* MainRouter.swift */; };
		8B2FA9AB2B44E12D00BB94DF /* MainRouterState.swift in Sources */ = {isa = PBXBuildFile; fileRef = 8B2FA9AA2B44E12D00BB94DF /* MainRouterState.swift */; };
		8B2FA9AD2B44E13800BB94DF /* BaseContentLink.swift in Sources */ = {isa = PBXBuildFile; fileRef = 8B2FA9AC2B44E13800BB94DF /* BaseContentLink.swift */; };
		8B2FA9AF2B44E14200BB94DF /* ViewBaseFactory.swift in Sources */ = {isa = PBXBuildFile; fileRef = 8B2FA9AE2B44E14200BB94DF /* ViewBaseFactory.swift */; };
		8B2FA9B12B44E14F00BB94DF /* MainCoordinatorAssembly.swift in Sources */ = {isa = PBXBuildFile; fileRef = 8B2FA9B02B44E14F00BB94DF /* MainCoordinatorAssembly.swift */; };
		8B2FA9B42B44E24000BB94DF /* MainView.swift in Sources */ = {isa = PBXBuildFile; fileRef = 8B2FA9B32B44E24000BB94DF /* MainView.swift */; };
		8B2FA9B62B44E24C00BB94DF /* MainViewModel.swift in Sources */ = {isa = PBXBuildFile; fileRef = 8B2FA9B52B44E24C00BB94DF /* MainViewModel.swift */; };
		8B2FA9B82B44E25900BB94DF /* MainViewAssembly.swift in Sources */ = {isa = PBXBuildFile; fileRef = 8B2FA9B72B44E25900BB94DF /* MainViewAssembly.swift */; };
		8B7A6B9E2B4099A6005ABECD /* BikeStatApp.swift in Sources */ = {isa = PBXBuildFile; fileRef = 8B7A6B9D2B4099A6005ABECD /* BikeStatApp.swift */; };
		8B7A6BA22B4099A7005ABECD /* Assets.xcassets in Resources */ = {isa = PBXBuildFile; fileRef = 8B7A6BA12B4099A7005ABECD /* Assets.xcassets */; };
		8B7A6BA52B4099A7005ABECD /* Preview Assets.xcassets in Resources */ = {isa = PBXBuildFile; fileRef = 8B7A6BA42B4099A7005ABECD /* Preview Assets.xcassets */; };
		8BACF1C22B45F51E00255B0B /* UserData.swift in Sources */ = {isa = PBXBuildFile; fileRef = 8BACF1C12B45F51E00255B0B /* UserData.swift */; };
		8BACF1C52B45FB2400255B0B /* RealmService.swift in Sources */ = {isa = PBXBuildFile; fileRef = 8BACF1C42B45FB2400255B0B /* RealmService.swift */; };
/* End PBXBuildFile section */

/* Begin PBXFileReference section */
		47F2A8A57C763BC0F1ABA87C /* Pods-BikeStat.debug.xcconfig */ = {isa = PBXFileReference; includeInIndex = 1; lastKnownFileType = text.xcconfig; name = "Pods-BikeStat.debug.xcconfig"; path = "Target Support Files/Pods-BikeStat/Pods-BikeStat.debug.xcconfig"; sourceTree = "<group>"; };
		8B2FA9862B44E01000BB94DF /* LoginView.swift */ = {isa = PBXFileReference; lastKnownFileType = sourcecode.swift; path = LoginView.swift; sourceTree = "<group>"; };
		8B2FA9882B44E01D00BB94DF /* LoginViewModel.swift */ = {isa = PBXFileReference; lastKnownFileType = sourcecode.swift; path = LoginViewModel.swift; sourceTree = "<group>"; };
		8B2FA98A2B44E02D00BB94DF /* LoginViewAssembly.swift */ = {isa = PBXFileReference; lastKnownFileType = sourcecode.swift; path = LoginViewAssembly.swift; sourceTree = "<group>"; };
		8B2FA98D2B44E04400BB94DF /* ScoreData.swift */ = {isa = PBXFileReference; lastKnownFileType = sourcecode.swift; path = ScoreData.swift; sourceTree = "<group>"; };
		8B2FA98F2B44E05100BB94DF /* LocationAccessService.swift */ = {isa = PBXFileReference; lastKnownFileType = sourcecode.swift; path = LocationAccessService.swift; sourceTree = "<group>"; };
		8B2FA9922B44E06400BB94DF /* MapView.swift */ = {isa = PBXFileReference; lastKnownFileType = sourcecode.swift; path = MapView.swift; sourceTree = "<group>"; };
		8B2FA9942B44E06F00BB94DF /* MapViewModel.swift */ = {isa = PBXFileReference; lastKnownFileType = sourcecode.swift; path = MapViewModel.swift; sourceTree = "<group>"; };
		8B2FA9972B44E08C00BB94DF /* LocationService.swift */ = {isa = PBXFileReference; lastKnownFileType = sourcecode.swift; path = LocationService.swift; sourceTree = "<group>"; };
		8B2FA9992B44E09800BB94DF /* RequestService.swift */ = {isa = PBXFileReference; lastKnownFileType = sourcecode.swift; path = RequestService.swift; sourceTree = "<group>"; };
		8B2FA99C2B44E0B600BB94DF /* Coordinator.swift */ = {isa = PBXFileReference; lastKnownFileType = sourcecode.swift; path = Coordinator.swift; sourceTree = "<group>"; };
		8B2FA99E2B44E0C600BB94DF /* AppCoordinator.swift */ = {isa = PBXFileReference; lastKnownFileType = sourcecode.swift; path = AppCoordinator.swift; sourceTree = "<group>"; };
		8B2FA9A02B44E0D600BB94DF /* AppCoordinatorAssembly.swift */ = {isa = PBXFileReference; lastKnownFileType = sourcecode.swift; path = AppCoordinatorAssembly.swift; sourceTree = "<group>"; };
		8B2FA9A32B44E0FD00BB94DF /* View+Extension.swift */ = {isa = PBXFileReference; lastKnownFileType = sourcecode.swift; path = "View+Extension.swift"; sourceTree = "<group>"; };
		8B2FA9A62B44E11800BB94DF /* MainCoordinator.swift */ = {isa = PBXFileReference; lastKnownFileType = sourcecode.swift; path = MainCoordinator.swift; sourceTree = "<group>"; };
		8B2FA9A82B44E12200BB94DF /* MainRouter.swift */ = {isa = PBXFileReference; lastKnownFileType = sourcecode.swift; path = MainRouter.swift; sourceTree = "<group>"; };
		8B2FA9AA2B44E12D00BB94DF /* MainRouterState.swift */ = {isa = PBXFileReference; lastKnownFileType = sourcecode.swift; path = MainRouterState.swift; sourceTree = "<group>"; };
		8B2FA9AC2B44E13800BB94DF /* BaseContentLink.swift */ = {isa = PBXFileReference; lastKnownFileType = sourcecode.swift; path = BaseContentLink.swift; sourceTree = "<group>"; };
		8B2FA9AE2B44E14200BB94DF /* ViewBaseFactory.swift */ = {isa = PBXFileReference; lastKnownFileType = sourcecode.swift; path = ViewBaseFactory.swift; sourceTree = "<group>"; };
		8B2FA9B02B44E14F00BB94DF /* MainCoordinatorAssembly.swift */ = {isa = PBXFileReference; lastKnownFileType = sourcecode.swift; path = MainCoordinatorAssembly.swift; sourceTree = "<group>"; };
		8B2FA9B32B44E24000BB94DF /* MainView.swift */ = {isa = PBXFileReference; lastKnownFileType = sourcecode.swift; path = MainView.swift; sourceTree = "<group>"; };
		8B2FA9B52B44E24C00BB94DF /* MainViewModel.swift */ = {isa = PBXFileReference; lastKnownFileType = sourcecode.swift; path = MainViewModel.swift; sourceTree = "<group>"; };
		8B2FA9B72B44E25900BB94DF /* MainViewAssembly.swift */ = {isa = PBXFileReference; lastKnownFileType = sourcecode.swift; path = MainViewAssembly.swift; sourceTree = "<group>"; };
		8B7A6B9A2B4099A6005ABECD /* BikeStat.app */ = {isa = PBXFileReference; explicitFileType = wrapper.application; includeInIndex = 0; path = BikeStat.app; sourceTree = BUILT_PRODUCTS_DIR; };
		8B7A6B9D2B4099A6005ABECD /* BikeStatApp.swift */ = {isa = PBXFileReference; lastKnownFileType = sourcecode.swift; path = BikeStatApp.swift; sourceTree = "<group>"; };
		8B7A6BA12B4099A7005ABECD /* Assets.xcassets */ = {isa = PBXFileReference; lastKnownFileType = folder.assetcatalog; path = Assets.xcassets; sourceTree = "<group>"; };
		8B7A6BA42B4099A7005ABECD /* Preview Assets.xcassets */ = {isa = PBXFileReference; lastKnownFileType = folder.assetcatalog; path = "Preview Assets.xcassets"; sourceTree = "<group>"; };
		8BACF1C12B45F51E00255B0B /* UserData.swift */ = {isa = PBXFileReference; lastKnownFileType = sourcecode.swift; path = UserData.swift; sourceTree = "<group>"; };
		8BACF1C42B45FB2400255B0B /* RealmService.swift */ = {isa = PBXFileReference; lastKnownFileType = sourcecode.swift; path = RealmService.swift; sourceTree = "<group>"; };
		C5997A34E36384DA5DB59208 /* Pods_BikeStat.framework */ = {isa = PBXFileReference; explicitFileType = wrapper.framework; includeInIndex = 0; path = Pods_BikeStat.framework; sourceTree = BUILT_PRODUCTS_DIR; };
		D46165909D1BE28D7E97BF64 /* Pods-BikeStat.release.xcconfig */ = {isa = PBXFileReference; includeInIndex = 1; lastKnownFileType = text.xcconfig; name = "Pods-BikeStat.release.xcconfig"; path = "Target Support Files/Pods-BikeStat/Pods-BikeStat.release.xcconfig"; sourceTree = "<group>"; };
/* End PBXFileReference section */

/* Begin PBXFrameworksBuildPhase section */
		8B7A6B972B4099A6005ABECD /* Frameworks */ = {
			isa = PBXFrameworksBuildPhase;
			buildActionMask = 2147483647;
			files = (
				58F834D803751D8E3195A039 /* Pods_BikeStat.framework in Frameworks */,
			);
			runOnlyForDeploymentPostprocessing = 0;
		};
/* End PBXFrameworksBuildPhase section */

/* Begin PBXGroup section */
		2EB41E38D67AA1120813A07F /* Pods */ = {
			isa = PBXGroup;
			children = (
				47F2A8A57C763BC0F1ABA87C /* Pods-BikeStat.debug.xcconfig */,
				D46165909D1BE28D7E97BF64 /* Pods-BikeStat.release.xcconfig */,
			);
			path = Pods;
			sourceTree = "<group>";
		};
		8B2FA9852B44E00800BB94DF /* Login */ = {
			isa = PBXGroup;
			children = (
				8B2FA9862B44E01000BB94DF /* LoginView.swift */,
				8B2FA9882B44E01D00BB94DF /* LoginViewModel.swift */,
				8B2FA98A2B44E02D00BB94DF /* LoginViewAssembly.swift */,
			);
			path = Login;
			sourceTree = "<group>";
		};
		8B2FA98C2B44E03600BB94DF /* Models */ = {
			isa = PBXGroup;
			children = (
				8B2FA98D2B44E04400BB94DF /* ScoreData.swift */,
				8B2FA98F2B44E05100BB94DF /* LocationAccessService.swift */,
			);
			path = Models;
			sourceTree = "<group>";
		};
		8B2FA9912B44E05800BB94DF /* Map */ = {
			isa = PBXGroup;
			children = (
				8B2FA9922B44E06400BB94DF /* MapView.swift */,
				8B2FA9942B44E06F00BB94DF /* MapViewModel.swift */,
			);
			path = Map;
			sourceTree = "<group>";
		};
		8B2FA9962B44E07700BB94DF /* Service */ = {
			isa = PBXGroup;
			children = (
				8B2FA9972B44E08C00BB94DF /* LocationService.swift */,
				8B2FA9992B44E09800BB94DF /* RequestService.swift */,
			);
			path = Service;
			sourceTree = "<group>";
		};
		8B2FA99B2B44E0A200BB94DF /* AppCoordinator */ = {
			isa = PBXGroup;
			children = (
				8B2FA99C2B44E0B600BB94DF /* Coordinator.swift */,
				8B2FA99E2B44E0C600BB94DF /* AppCoordinator.swift */,
				8B2FA9A02B44E0D600BB94DF /* AppCoordinatorAssembly.swift */,
			);
			path = AppCoordinator;
			sourceTree = "<group>";
		};
		8B2FA9A22B44E0E100BB94DF /* CustomCumponents */ = {
			isa = PBXGroup;
			children = (
				8B2FA9A32B44E0FD00BB94DF /* View+Extension.swift */,
			);
			path = CustomCumponents;
			sourceTree = "<group>";
		};
		8B2FA9A52B44E10800BB94DF /* MainCoordinator */ = {
			isa = PBXGroup;
			children = (
				8B2FA9A62B44E11800BB94DF /* MainCoordinator.swift */,
				8B2FA9A82B44E12200BB94DF /* MainRouter.swift */,
				8B2FA9AA2B44E12D00BB94DF /* MainRouterState.swift */,
				8B2FA9AC2B44E13800BB94DF /* BaseContentLink.swift */,
				8B2FA9AE2B44E14200BB94DF /* ViewBaseFactory.swift */,
				8B2FA9B02B44E14F00BB94DF /* MainCoordinatorAssembly.swift */,
			);
			path = MainCoordinator;
			sourceTree = "<group>";
		};
		8B2FA9B22B44E23600BB94DF /* Main */ = {
			isa = PBXGroup;
			children = (
				8B2FA9B32B44E24000BB94DF /* MainView.swift */,
				8B2FA9B52B44E24C00BB94DF /* MainViewModel.swift */,
				8B2FA9B72B44E25900BB94DF /* MainViewAssembly.swift */,
			);
			path = Main;
			sourceTree = "<group>";
		};
		8B7A6B912B4099A6005ABECD = {
			isa = PBXGroup;
			children = (
				8B7A6B9C2B4099A6005ABECD /* BikeStat */,
				8B7A6B9B2B4099A6005ABECD /* Products */,
				2EB41E38D67AA1120813A07F /* Pods */,
				B35062B1938B2739637BF08F /* Frameworks */,
			);
			sourceTree = "<group>";
		};
		8B7A6B9B2B4099A6005ABECD /* Products */ = {
			isa = PBXGroup;
			children = (
				8B7A6B9A2B4099A6005ABECD /* BikeStat.app */,
			);
			name = Products;
			sourceTree = "<group>";
		};
		8B7A6B9C2B4099A6005ABECD /* BikeStat */ = {
			isa = PBXGroup;
			children = (
				8BACF1C32B45FB1300255B0B /* Realm */,
				8B2FA9B22B44E23600BB94DF /* Main */,
				8B2FA9A52B44E10800BB94DF /* MainCoordinator */,
				8B2FA9A22B44E0E100BB94DF /* CustomCumponents */,
				8B2FA99B2B44E0A200BB94DF /* AppCoordinator */,
				8B2FA9962B44E07700BB94DF /* Service */,
				8B2FA9912B44E05800BB94DF /* Map */,
				8B2FA98C2B44E03600BB94DF /* Models */,
				8B2FA9852B44E00800BB94DF /* Login */,
				8B7A6B9D2B4099A6005ABECD /* BikeStatApp.swift */,
				8B7A6BA12B4099A7005ABECD /* Assets.xcassets */,
				8B7A6BA32B4099A7005ABECD /* Preview Content */,
			);
			path = BikeStat;
			sourceTree = "<group>";
		};
		8B7A6BA32B4099A7005ABECD /* Preview Content */ = {
			isa = PBXGroup;
			children = (
				8B7A6BA42B4099A7005ABECD /* Preview Assets.xcassets */,
			);
			path = "Preview Content";
			sourceTree = "<group>";
		};
		8BACF1C32B45FB1300255B0B /* Realm */ = {
			isa = PBXGroup;
			children = (
				8BACF1C12B45F51E00255B0B /* UserData.swift */,
				8BACF1C42B45FB2400255B0B /* RealmService.swift */,
			);
			path = Realm;
			sourceTree = "<group>";
		};
		B35062B1938B2739637BF08F /* Frameworks */ = {
			isa = PBXGroup;
			children = (
				C5997A34E36384DA5DB59208 /* Pods_BikeStat.framework */,
			);
			name = Frameworks;
			sourceTree = "<group>";
		};
/* End PBXGroup section */

/* Begin PBXNativeTarget section */
		8B7A6B992B4099A6005ABECD /* BikeStat */ = {
			isa = PBXNativeTarget;
			buildConfigurationList = 8B7A6BA82B4099A7005ABECD /* Build configuration list for PBXNativeTarget "BikeStat" */;
			buildPhases = (
				D5A177F1DDFD9B1B51CA6DF0 /* [CP] Check Pods Manifest.lock */,
				8B7A6B962B4099A6005ABECD /* Sources */,
				8B7A6B972B4099A6005ABECD /* Frameworks */,
				8B7A6B982B4099A6005ABECD /* Resources */,
				11DB4A0E6632CF0C4444E940 /* [CP] Embed Pods Frameworks */,
			);
			buildRules = (
			);
			dependencies = (
			);
			name = BikeStat;
			productName = BikeStat;
			productReference = 8B7A6B9A2B4099A6005ABECD /* BikeStat.app */;
			productType = "com.apple.product-type.application";
		};
/* End PBXNativeTarget section */

/* Begin PBXProject section */
		8B7A6B922B4099A6005ABECD /* Project object */ = {
			isa = PBXProject;
			attributes = {
				BuildIndependentTargetsInParallel = 1;
				LastSwiftUpdateCheck = 1510;
				LastUpgradeCheck = 1510;
				TargetAttributes = {
					8B7A6B992B4099A6005ABECD = {
						CreatedOnToolsVersion = 15.1;
					};
				};
			};
			buildConfigurationList = 8B7A6B952B4099A6005ABECD /* Build configuration list for PBXProject "BikeStat" */;
			compatibilityVersion = "Xcode 14.0";
			developmentRegion = en;
			hasScannedForEncodings = 0;
			knownRegions = (
				en,
				Base,
			);
			mainGroup = 8B7A6B912B4099A6005ABECD;
			productRefGroup = 8B7A6B9B2B4099A6005ABECD /* Products */;
			projectDirPath = "";
			projectRoot = "";
			targets = (
				8B7A6B992B4099A6005ABECD /* BikeStat */,
			);
		};
/* End PBXProject section */

/* Begin PBXResourcesBuildPhase section */
		8B7A6B982B4099A6005ABECD /* Resources */ = {
			isa = PBXResourcesBuildPhase;
			buildActionMask = 2147483647;
			files = (
				8B7A6BA52B4099A7005ABECD /* Preview Assets.xcassets in Resources */,
				8B7A6BA22B4099A7005ABECD /* Assets.xcassets in Resources */,
			);
			runOnlyForDeploymentPostprocessing = 0;
		};
/* End PBXResourcesBuildPhase section */

/* Begin PBXShellScriptBuildPhase section */
		11DB4A0E6632CF0C4444E940 /* [CP] Embed Pods Frameworks */ = {
			isa = PBXShellScriptBuildPhase;
			buildActionMask = 2147483647;
			files = (
			);
			inputFileListPaths = (
				"${PODS_ROOT}/Target Support Files/Pods-BikeStat/Pods-BikeStat-frameworks-${CONFIGURATION}-input-files.xcfilelist",
			);
			name = "[CP] Embed Pods Frameworks";
			outputFileListPaths = (
				"${PODS_ROOT}/Target Support Files/Pods-BikeStat/Pods-BikeStat-frameworks-${CONFIGURATION}-output-files.xcfilelist",
			);
			runOnlyForDeploymentPostprocessing = 0;
			shellPath = /bin/sh;
			shellScript = "\"${PODS_ROOT}/Target Support Files/Pods-BikeStat/Pods-BikeStat-frameworks.sh\"\n";
			showEnvVarsInLog = 0;
		};
		D5A177F1DDFD9B1B51CA6DF0 /* [CP] Check Pods Manifest.lock */ = {
			isa = PBXShellScriptBuildPhase;
			buildActionMask = 2147483647;
			files = (
			);
			inputFileListPaths = (
			);
			inputPaths = (
				"${PODS_PODFILE_DIR_PATH}/Podfile.lock",
				"${PODS_ROOT}/Manifest.lock",
			);
			name = "[CP] Check Pods Manifest.lock";
			outputFileListPaths = (
			);
			outputPaths = (
				"$(DERIVED_FILE_DIR)/Pods-BikeStat-checkManifestLockResult.txt",
			);
			runOnlyForDeploymentPostprocessing = 0;
			shellPath = /bin/sh;
			shellScript = "diff \"${PODS_PODFILE_DIR_PATH}/Podfile.lock\" \"${PODS_ROOT}/Manifest.lock\" > /dev/null\nif [ $? != 0 ] ; then\n    # print error to STDERR\n    echo \"error: The sandbox is not in sync with the Podfile.lock. Run 'pod install' or update your CocoaPods installation.\" >&2\n    exit 1\nfi\n# This output is used by Xcode 'outputs' to avoid re-running this script phase.\necho \"SUCCESS\" > \"${SCRIPT_OUTPUT_FILE_0}\"\n";
			showEnvVarsInLog = 0;
		};
/* End PBXShellScriptBuildPhase section */

/* Begin PBXSourcesBuildPhase section */
		8B7A6B962B4099A6005ABECD /* Sources */ = {
			isa = PBXSourcesBuildPhase;
			buildActionMask = 2147483647;
			files = (
				8B2FA9902B44E05100BB94DF /* LocationAccessService.swift in Sources */,
				8B2FA9B42B44E24000BB94DF /* MainView.swift in Sources */,
				8B2FA9932B44E06400BB94DF /* MapView.swift in Sources */,
				8B2FA9AF2B44E14200BB94DF /* ViewBaseFactory.swift in Sources */,
				8B2FA9A12B44E0D600BB94DF /* AppCoordinatorAssembly.swift in Sources */,
				8B2FA9A92B44E12200BB94DF /* MainRouter.swift in Sources */,
				8B2FA99F2B44E0C600BB94DF /* AppCoordinator.swift in Sources */,
				8B2FA9982B44E08C00BB94DF /* LocationService.swift in Sources */,
				8B2FA99A2B44E09800BB94DF /* RequestService.swift in Sources */,
				8B2FA9892B44E01D00BB94DF /* LoginViewModel.swift in Sources */,
				8B2FA9A42B44E0FD00BB94DF /* View+Extension.swift in Sources */,
				8B2FA98B2B44E02D00BB94DF /* LoginViewAssembly.swift in Sources */,
				8B2FA9A72B44E11800BB94DF /* MainCoordinator.swift in Sources */,
				8B2FA9872B44E01000BB94DF /* LoginView.swift in Sources */,
				8B2FA99D2B44E0B600BB94DF /* Coordinator.swift in Sources */,
				8B2FA98E2B44E04400BB94DF /* ScoreData.swift in Sources */,
				8B2FA9AB2B44E12D00BB94DF /* MainRouterState.swift in Sources */,
				8B2FA9B82B44E25900BB94DF /* MainViewAssembly.swift in Sources */,
				8BACF1C22B45F51E00255B0B /* UserData.swift in Sources */,
				8B7A6B9E2B4099A6005ABECD /* BikeStatApp.swift in Sources */,
				8B2FA9952B44E06F00BB94DF /* MapViewModel.swift in Sources */,
				8B2FA9B12B44E14F00BB94DF /* MainCoordinatorAssembly.swift in Sources */,
				8B2FA9AD2B44E13800BB94DF /* BaseContentLink.swift in Sources */,
				8B2FA9B62B44E24C00BB94DF /* MainViewModel.swift in Sources */,
				8BACF1C52B45FB2400255B0B /* RealmService.swift in Sources */,
			);
			runOnlyForDeploymentPostprocessing = 0;
		};
/* End PBXSourcesBuildPhase section */

/* Begin XCBuildConfiguration section */
		8B7A6BA62B4099A7005ABECD /* Debug */ = {
			isa = XCBuildConfiguration;
			buildSettings = {
				ALWAYS_SEARCH_USER_PATHS = NO;
				ASSETCATALOG_COMPILER_GENERATE_SWIFT_ASSET_SYMBOL_EXTENSIONS = YES;
				CLANG_ANALYZER_NONNULL = YES;
				CLANG_ANALYZER_NUMBER_OBJECT_CONVERSION = YES_AGGRESSIVE;
				CLANG_CXX_LANGUAGE_STANDARD = "gnu++20";
				CLANG_ENABLE_MODULES = YES;
				CLANG_ENABLE_OBJC_ARC = YES;
				CLANG_ENABLE_OBJC_WEAK = YES;
				CLANG_WARN_BLOCK_CAPTURE_AUTORELEASING = YES;
				CLANG_WARN_BOOL_CONVERSION = YES;
				CLANG_WARN_COMMA = YES;
				CLANG_WARN_CONSTANT_CONVERSION = YES;
				CLANG_WARN_DEPRECATED_OBJC_IMPLEMENTATIONS = YES;
				CLANG_WARN_DIRECT_OBJC_ISA_USAGE = YES_ERROR;
				CLANG_WARN_DOCUMENTATION_COMMENTS = YES;
				CLANG_WARN_EMPTY_BODY = YES;
				CLANG_WARN_ENUM_CONVERSION = YES;
				CLANG_WARN_INFINITE_RECURSION = YES;
				CLANG_WARN_INT_CONVERSION = YES;
				CLANG_WARN_NON_LITERAL_NULL_CONVERSION = YES;
				CLANG_WARN_OBJC_IMPLICIT_RETAIN_SELF = YES;
				CLANG_WARN_OBJC_LITERAL_CONVERSION = YES;
				CLANG_WARN_OBJC_ROOT_CLASS = YES_ERROR;
				CLANG_WARN_QUOTED_INCLUDE_IN_FRAMEWORK_HEADER = YES;
				CLANG_WARN_RANGE_LOOP_ANALYSIS = YES;
				CLANG_WARN_STRICT_PROTOTYPES = YES;
				CLANG_WARN_SUSPICIOUS_MOVE = YES;
				CLANG_WARN_UNGUARDED_AVAILABILITY = YES_AGGRESSIVE;
				CLANG_WARN_UNREACHABLE_CODE = YES;
				CLANG_WARN__DUPLICATE_METHOD_MATCH = YES;
				COPY_PHASE_STRIP = NO;
				DEBUG_INFORMATION_FORMAT = dwarf;
				ENABLE_STRICT_OBJC_MSGSEND = YES;
				ENABLE_TESTABILITY = YES;
				ENABLE_USER_SCRIPT_SANDBOXING = YES;
				GCC_C_LANGUAGE_STANDARD = gnu17;
				GCC_DYNAMIC_NO_PIC = NO;
				GCC_NO_COMMON_BLOCKS = YES;
				GCC_OPTIMIZATION_LEVEL = 0;
				GCC_PREPROCESSOR_DEFINITIONS = (
					"DEBUG=1",
					"$(inherited)",
				);
				GCC_WARN_64_TO_32_BIT_CONVERSION = YES;
				GCC_WARN_ABOUT_RETURN_TYPE = YES_ERROR;
				GCC_WARN_UNDECLARED_SELECTOR = YES;
				GCC_WARN_UNINITIALIZED_AUTOS = YES_AGGRESSIVE;
				GCC_WARN_UNUSED_FUNCTION = YES;
				GCC_WARN_UNUSED_VARIABLE = YES;
				IPHONEOS_DEPLOYMENT_TARGET = 17.2;
				LOCALIZATION_PREFERS_STRING_CATALOGS = YES;
				MTL_ENABLE_DEBUG_INFO = INCLUDE_SOURCE;
				MTL_FAST_MATH = YES;
				ONLY_ACTIVE_ARCH = YES;
				SDKROOT = iphoneos;
				SWIFT_ACTIVE_COMPILATION_CONDITIONS = "DEBUG $(inherited)";
				SWIFT_OPTIMIZATION_LEVEL = "-Onone";
			};
			name = Debug;
		};
		8B7A6BA72B4099A7005ABECD /* Release */ = {
			isa = XCBuildConfiguration;
			buildSettings = {
				ALWAYS_SEARCH_USER_PATHS = NO;
				ASSETCATALOG_COMPILER_GENERATE_SWIFT_ASSET_SYMBOL_EXTENSIONS = YES;
				CLANG_ANALYZER_NONNULL = YES;
				CLANG_ANALYZER_NUMBER_OBJECT_CONVERSION = YES_AGGRESSIVE;
				CLANG_CXX_LANGUAGE_STANDARD = "gnu++20";
				CLANG_ENABLE_MODULES = YES;
				CLANG_ENABLE_OBJC_ARC = YES;
				CLANG_ENABLE_OBJC_WEAK = YES;
				CLANG_WARN_BLOCK_CAPTURE_AUTORELEASING = YES;
				CLANG_WARN_BOOL_CONVERSION = YES;
				CLANG_WARN_COMMA = YES;
				CLANG_WARN_CONSTANT_CONVERSION = YES;
				CLANG_WARN_DEPRECATED_OBJC_IMPLEMENTATIONS = YES;
				CLANG_WARN_DIRECT_OBJC_ISA_USAGE = YES_ERROR;
				CLANG_WARN_DOCUMENTATION_COMMENTS = YES;
				CLANG_WARN_EMPTY_BODY = YES;
				CLANG_WARN_ENUM_CONVERSION = YES;
				CLANG_WARN_INFINITE_RECURSION = YES;
				CLANG_WARN_INT_CONVERSION = YES;
				CLANG_WARN_NON_LITERAL_NULL_CONVERSION = YES;
				CLANG_WARN_OBJC_IMPLICIT_RETAIN_SELF = YES;
				CLANG_WARN_OBJC_LITERAL_CONVERSION = YES;
				CLANG_WARN_OBJC_ROOT_CLASS = YES_ERROR;
				CLANG_WARN_QUOTED_INCLUDE_IN_FRAMEWORK_HEADER = YES;
				CLANG_WARN_RANGE_LOOP_ANALYSIS = YES;
				CLANG_WARN_STRICT_PROTOTYPES = YES;
				CLANG_WARN_SUSPICIOUS_MOVE = YES;
				CLANG_WARN_UNGUARDED_AVAILABILITY = YES_AGGRESSIVE;
				CLANG_WARN_UNREACHABLE_CODE = YES;
				CLANG_WARN__DUPLICATE_METHOD_MATCH = YES;
				COPY_PHASE_STRIP = NO;
				DEBUG_INFORMATION_FORMAT = "dwarf-with-dsym";
				ENABLE_NS_ASSERTIONS = NO;
				ENABLE_STRICT_OBJC_MSGSEND = YES;
				ENABLE_USER_SCRIPT_SANDBOXING = YES;
				GCC_C_LANGUAGE_STANDARD = gnu17;
				GCC_NO_COMMON_BLOCKS = YES;
				GCC_WARN_64_TO_32_BIT_CONVERSION = YES;
				GCC_WARN_ABOUT_RETURN_TYPE = YES_ERROR;
				GCC_WARN_UNDECLARED_SELECTOR = YES;
				GCC_WARN_UNINITIALIZED_AUTOS = YES_AGGRESSIVE;
				GCC_WARN_UNUSED_FUNCTION = YES;
				GCC_WARN_UNUSED_VARIABLE = YES;
				IPHONEOS_DEPLOYMENT_TARGET = 17.2;
				LOCALIZATION_PREFERS_STRING_CATALOGS = YES;
				MTL_ENABLE_DEBUG_INFO = NO;
				MTL_FAST_MATH = YES;
				SDKROOT = iphoneos;
				SWIFT_COMPILATION_MODE = wholemodule;
				VALIDATE_PRODUCT = YES;
			};
			name = Release;
		};
		8B7A6BA92B4099A7005ABECD /* Debug */ = {
			isa = XCBuildConfiguration;
			baseConfigurationReference = 47F2A8A57C763BC0F1ABA87C /* Pods-BikeStat.debug.xcconfig */;
			buildSettings = {
				ASSETCATALOG_COMPILER_APPICON_NAME = AppIcon;
				ASSETCATALOG_COMPILER_GLOBAL_ACCENT_COLOR_NAME = AccentColor;
				CODE_SIGN_STYLE = Automatic;
				CURRENT_PROJECT_VERSION = 1;
				DEVELOPMENT_ASSET_PATHS = "\"BikeStat/Preview Content\"";
				DEVELOPMENT_TEAM = 63RB2V788Z;
				ENABLE_PREVIEWS = YES;
				ENABLE_USER_SCRIPT_SANDBOXING = NO;
				GENERATE_INFOPLIST_FILE = YES;
				INFOPLIST_KEY_UIApplicationSceneManifest_Generation = YES;
				INFOPLIST_KEY_UIApplicationSupportsIndirectInputEvents = YES;
				INFOPLIST_KEY_UILaunchScreen_Generation = YES;
				INFOPLIST_KEY_UISupportedInterfaceOrientations_iPad = "UIInterfaceOrientationPortrait UIInterfaceOrientationPortraitUpsideDown UIInterfaceOrientationLandscapeLeft UIInterfaceOrientationLandscapeRight";
				INFOPLIST_KEY_UISupportedInterfaceOrientations_iPhone = "UIInterfaceOrientationPortrait UIInterfaceOrientationLandscapeLeft UIInterfaceOrientationLandscapeRight";
				LD_RUNPATH_SEARCH_PATHS = (
					"$(inherited)",
					"@executable_path/Frameworks",
				);
				MARKETING_VERSION = 1.0;
				PRODUCT_BUNDLE_IDENTIFIER = igor.com.aura.bikestat.BikeStat;
				PRODUCT_NAME = "$(TARGET_NAME)";
				SWIFT_EMIT_LOC_STRINGS = YES;
				SWIFT_VERSION = 5.0;
				TARGETED_DEVICE_FAMILY = "1,2";
			};
			name = Debug;
		};
		8B7A6BAA2B4099A7005ABECD /* Release */ = {
			isa = XCBuildConfiguration;
			baseConfigurationReference = D46165909D1BE28D7E97BF64 /* Pods-BikeStat.release.xcconfig */;
			buildSettings = {
				ASSETCATALOG_COMPILER_APPICON_NAME = AppIcon;
				ASSETCATALOG_COMPILER_GLOBAL_ACCENT_COLOR_NAME = AccentColor;
				CODE_SIGN_STYLE = Automatic;
				CURRENT_PROJECT_VERSION = 1;
				DEVELOPMENT_ASSET_PATHS = "\"BikeStat/Preview Content\"";
				DEVELOPMENT_TEAM = 63RB2V788Z;
				ENABLE_PREVIEWS = YES;
				ENABLE_USER_SCRIPT_SANDBOXING = NO;
				GENERATE_INFOPLIST_FILE = YES;
				INFOPLIST_KEY_UIApplicationSceneManifest_Generation = YES;
				INFOPLIST_KEY_UIApplicationSupportsIndirectInputEvents = YES;
				INFOPLIST_KEY_UILaunchScreen_Generation = YES;
				INFOPLIST_KEY_UISupportedInterfaceOrientations_iPad = "UIInterfaceOrientationPortrait UIInterfaceOrientationPortraitUpsideDown UIInterfaceOrientationLandscapeLeft UIInterfaceOrientationLandscapeRight";
				INFOPLIST_KEY_UISupportedInterfaceOrientations_iPhone = "UIInterfaceOrientationPortrait UIInterfaceOrientationLandscapeLeft UIInterfaceOrientationLandscapeRight";
				LD_RUNPATH_SEARCH_PATHS = (
					"$(inherited)",
					"@executable_path/Frameworks",
				);
				MARKETING_VERSION = 1.0;
				PRODUCT_BUNDLE_IDENTIFIER = igor.com.aura.bikestat.BikeStat;
				PRODUCT_NAME = "$(TARGET_NAME)";
				SWIFT_EMIT_LOC_STRINGS = YES;
				SWIFT_VERSION = 5.0;
				TARGETED_DEVICE_FAMILY = "1,2";
			};
			name = Release;
		};
/* End XCBuildConfiguration section */

/* Begin XCConfigurationList section */
		8B7A6B952B4099A6005ABECD /* Build configuration list for PBXProject "BikeStat" */ = {
			isa = XCConfigurationList;
			buildConfigurations = (
				8B7A6BA62B4099A7005ABECD /* Debug */,
				8B7A6BA72B4099A7005ABECD /* Release */,
			);
			defaultConfigurationIsVisible = 0;
			defaultConfigurationName = Release;
		};
		8B7A6BA82B4099A7005ABECD /* Build configuration list for PBXNativeTarget "BikeStat" */ = {
			isa = XCConfigurationList;
			buildConfigurations = (
				8B7A6BA92B4099A7005ABECD /* Debug */,
				8B7A6BAA2B4099A7005ABECD /* Release */,
			);
			defaultConfigurationIsVisible = 0;
			defaultConfigurationName = Release;
		};
/* End XCConfigurationList section */
	};
	rootObject = 8B7A6B922B4099A6005ABECD /* Project object */;
}
